# This file was autogenerated by Stack.
# You should not edit this file by hand.
# For more information, please see the documentation at:
#   https://docs.haskellstack.org/en/stable/lock_files

packages:
- completed:
    hackage: msgpack-1.0.1.0@sha256:a87b663fc28d661b41552331d22e10b34028cad8a592ae758ac47e363933b6bd,3004
    pantry-tree:
      sha256: 9b6a847c24cc11e6cf83582ad02740142c9cd0e80c88aa718895fd31fb401482
      size: 595
  original:
    hackage: msgpack-1.0.1.0
snapshots:
- completed:
    sha256: 5921ddc75f5dd3f197fbc32e1e5676895a8e7b971d4f82ef6b556657801dd18a
    size: 640054
    url: https://raw.githubusercontent.com/commercialhaskell/stackage-snapshots/master/lts/21/20.yaml
  original: lts-21.20
